{
  "name": "nextjs-vulnerable",
  "lockfileVersion": 3,
  "requires": true,
  "packages": {
    "": {
      "dependencies": {
        "lodash": "4.17.11",
        "next": "13.0.0"
      }
    },
    "node_modules/lodash": {
      "version": "4.17.11",
      "resolved": "https://registry.npmjs.org/lodash/-/lodash-4.17.11.tgz",
      "integrity": "sha512-cQKh8jogS2F0K7EO3T6nQ7Q9RBIwcbqgwhtfYVUQ0W4bZ5aZ4x4IY5jFfiG1Qv5dG7k9h3i1pKQ7+1B9X5Wg=="
    }
  }
}
